
Microsoft Visual Studio Solution File, Format Version 12.00
# Visual Studio Version 16
VisualStudioVersion = 16.0.29519.87
MinimumVisualStudioVersion = 10.0.40219.1
Project("{FAE04EC0-301F-11D3-BF4B-00C04F79EFBC}") = "Virsta_Roxana_Lab2", "Virsta_Roxana_Lab2.csproj", "{53F2DFE5-1668-487D-AC52-F78C2DB34FC6}"
EndProject
Global
	GlobalSection(SolutionConfigurationPlatforms) = preSolution
		Debug|Any CPU = Debug|Any CPU
		Release|Any CPU = Release|Any CPU
	EndGlobalSection
	GlobalSection(ProjectConfigurationPlatforms) = postSolution
		{53F2DFE5-1668-487D-AC52-F78C2DB34FC6}.Debug|Any CPU.ActiveCfg = Debug|Any CPU
		{53F2DFE5-1668-487D-AC52-F78C2DB34FC6}.Debug|Any CPU.Build.0 = Debug|Any CPU
		{53F2DFE5-1668-487D-AC52-F78C2DB34FC6}.Release|Any CPU.ActiveCfg = Release|Any CPU
		{53F2DFE5-1668-487D-AC52-F78C2DB34FC6}.Release|Any CPU.Build.0 = Release|Any CPU
	EndGlobalSection
	GlobalSection(SolutionProperties) = preSolution
		HideSolutionNode = FALSE
	EndGlobalSection
	GlobalSection(ExtensibilityGlobals) = postSolution
		SolutionGuid = {1449DD11-1474-4705-A318-131C7E0808AD}
	EndGlobalSection
EndGlobal
